
Microsoft Visual Studio Solution File, Format Version 12.00
# Visual Studio Version 16
VisualStudioVersion = 16.0.30114.105
MinimumVisualStudioVersion = 10.0.40219.1
Project("{2150E333-8FDC-42A3-9474-1A3956D46DE8}") = "Application", "Application", "{C9FD9CDB-AF7D-43EA-85F5-57A7F1955F76}"
EndProject
Project("{FAE04EC0-301F-11D3-BF4B-00C04F79EFBC}") = "Console", "Application\Console\Console.csproj", "{6BFF7206-C215-4016-B145-932244250CEC}"
EndProject
Project("{FAE04EC0-301F-11D3-BF4B-00C04F79EFBC}") = "Domain", "Domain\Domain.csproj", "{D5CA148D-9743-462C-B68A-E043F9DB8A6E}"
EndProject
Project("{FAE04EC0-301F-11D3-BF4B-00C04F79EFBC}") = "Infrastucture", "Infrastucture\Infrastucture.csproj", "{62AE48D7-1277-48D2-9255-BF3B8BFCEE29}"
EndProject
Global
	GlobalSection(SolutionConfigurationPlatforms) = preSolution
		Debug|Any CPU = Debug|Any CPU
		Release|Any CPU = Release|Any CPU
	EndGlobalSection
	GlobalSection(SolutionProperties) = preSolution
		HideSolutionNode = FALSE
	EndGlobalSection
	GlobalSection(ProjectConfigurationPlatforms) = postSolution
		{6BFF7206-C215-4016-B145-932244250CEC}.Debug|Any CPU.ActiveCfg = Debug|Any CPU
		{6BFF7206-C215-4016-B145-932244250CEC}.Debug|Any CPU.Build.0 = Debug|Any CPU
		{6BFF7206-C215-4016-B145-932244250CEC}.Release|Any CPU.ActiveCfg = Release|Any CPU
		{6BFF7206-C215-4016-B145-932244250CEC}.Release|Any CPU.Build.0 = Release|Any CPU
		{D5CA148D-9743-462C-B68A-E043F9DB8A6E}.Debug|Any CPU.ActiveCfg = Debug|Any CPU
		{D5CA148D-9743-462C-B68A-E043F9DB8A6E}.Debug|Any CPU.Build.0 = Debug|Any CPU
		{D5CA148D-9743-462C-B68A-E043F9DB8A6E}.Release|Any CPU.ActiveCfg = Release|Any CPU
		{D5CA148D-9743-462C-B68A-E043F9DB8A6E}.Release|Any CPU.Build.0 = Release|Any CPU
		{62AE48D7-1277-48D2-9255-BF3B8BFCEE29}.Debug|Any CPU.ActiveCfg = Debug|Any CPU
		{62AE48D7-1277-48D2-9255-BF3B8BFCEE29}.Debug|Any CPU.Build.0 = Debug|Any CPU
		{62AE48D7-1277-48D2-9255-BF3B8BFCEE29}.Release|Any CPU.ActiveCfg = Release|Any CPU
		{62AE48D7-1277-48D2-9255-BF3B8BFCEE29}.Release|Any CPU.Build.0 = Release|Any CPU
	EndGlobalSection
	GlobalSection(NestedProjects) = preSolution
		{6BFF7206-C215-4016-B145-932244250CEC} = {C9FD9CDB-AF7D-43EA-85F5-57A7F1955F76}
	EndGlobalSection
EndGlobal
